// !$*UTF8*$!
{
	archiveVersion = 1;
	classes = {
	};
	objectVersion = 50;
	objects = {

/* Begin PBXBuildFile section */
		D48A621926BFAC1300E4A419 /* AppDelegate.swift in Sources */ = {isa = PBXBuildFile; fileRef = D48A621826BFAC1300E4A419 /* AppDelegate.swift */; };
		D48A621B26BFAC1300E4A419 /* ContentView.swift in Sources */ = {isa = PBXBuildFile; fileRef = D48A621A26BFAC1300E4A419 /* ContentView.swift */; };
		D48A621E26BFAC1300E4A419 /* Expander.xcdatamodeld in Sources */ = {isa = PBXBuildFile; fileRef = D48A621C26BFAC1300E4A419 /* Expander.xcdatamodeld */; };
		D48A622026BFAC1400E4A419 /* Assets.xcassets in Resources */ = {isa = PBXBuildFile; fileRef = D48A621F26BFAC1400E4A419 /* Assets.xcassets */; };
		D48A622326BFAC1400E4A419 /* Preview Assets.xcassets in Resources */ = {isa = PBXBuildFile; fileRef = D48A622226BFAC1400E4A419 /* Preview Assets.xcassets */; };
		D48A622626BFAC1400E4A419 /* Main.storyboard in Resources */ = {isa = PBXBuildFile; fileRef = D48A622426BFAC1400E4A419 /* Main.storyboard */; };
		D48A623126BFACD400E4A419 /* DeleteKeyEvent.swift in Sources */ = {isa = PBXBuildFile; fileRef = D48A623026BFACD400E4A419 /* DeleteKeyEvent.swift */; };
		D48A623326BFAD0200E4A419 /* ExpanderModel.swift in Sources */ = {isa = PBXBuildFile; fileRef = D48A623226BFAD0200E4A419 /* ExpanderModel.swift */; };
		D48A623526BFAD2400E4A419 /* SnippetsModel.swift in Sources */ = {isa = PBXBuildFile; fileRef = D48A623426BFAD2400E4A419 /* SnippetsModel.swift */; };
		D48A623726BFAD3C00E4A419 /* ToolBar.swift in Sources */ = {isa = PBXBuildFile; fileRef = D48A623626BFAD3C00E4A419 /* ToolBar.swift */; };
/* End PBXBuildFile section */

/* Begin PBXFileReference section */
		D48A621526BFAC1300E4A419 /* Expander.app */ = {isa = PBXFileReference; explicitFileType = wrapper.application; includeInIndex = 0; path = Expander.app; sourceTree = BUILT_PRODUCTS_DIR; };
		D48A621826BFAC1300E4A419 /* AppDelegate.swift */ = {isa = PBXFileReference; lastKnownFileType = sourcecode.swift; path = AppDelegate.swift; sourceTree = "<group>"; };
		D48A621A26BFAC1300E4A419 /* ContentView.swift */ = {isa = PBXFileReference; lastKnownFileType = sourcecode.swift; path = ContentView.swift; sourceTree = "<group>"; };
		D48A621D26BFAC1300E4A419 /* Expander.xcdatamodel */ = {isa = PBXFileReference; lastKnownFileType = wrapper.xcdatamodel; path = Expander.xcdatamodel; sourceTree = "<group>"; };
		D48A621F26BFAC1400E4A419 /* Assets.xcassets */ = {isa = PBXFileReference; lastKnownFileType = folder.assetcatalog; path = Assets.xcassets; sourceTree = "<group>"; };
		D48A622226BFAC1400E4A419 /* Preview Assets.xcassets */ = {isa = PBXFileReference; lastKnownFileType = folder.assetcatalog; path = "Preview Assets.xcassets"; sourceTree = "<group>"; };
		D48A622526BFAC1400E4A419 /* Base */ = {isa = PBXFileReference; lastKnownFileType = file.storyboard; name = Base; path = Base.lproj/Main.storyboard; sourceTree = "<group>"; };
		D48A622726BFAC1400E4A419 /* Info.plist */ = {isa = PBXFileReference; lastKnownFileType = text.plist.xml; path = Info.plist; sourceTree = "<group>"; };
		D48A622826BFAC1400E4A419 /* Expander.entitlements */ = {isa = PBXFileReference; lastKnownFileType = text.plist.entitlements; path = Expander.entitlements; sourceTree = "<group>"; };
		D48A623026BFACD400E4A419 /* DeleteKeyEvent.swift */ = {isa = PBXFileReference; lastKnownFileType = sourcecode.swift; path = DeleteKeyEvent.swift; sourceTree = "<group>"; };
		D48A623226BFAD0200E4A419 /* ExpanderModel.swift */ = {isa = PBXFileReference; lastKnownFileType = sourcecode.swift; path = ExpanderModel.swift; sourceTree = "<group>"; };
		D48A623426BFAD2400E4A419 /* SnippetsModel.swift */ = {isa = PBXFileReference; lastKnownFileType = sourcecode.swift; path = SnippetsModel.swift; sourceTree = "<group>"; };
		D48A623626BFAD3C00E4A419 /* ToolBar.swift */ = {isa = PBXFileReference; lastKnownFileType = sourcecode.swift; path = ToolBar.swift; sourceTree = "<group>"; };
/* End PBXFileReference section */

/* Begin PBXFrameworksBuildPhase section */
		D48A621226BFAC1300E4A419 /* Frameworks */ = {
			isa = PBXFrameworksBuildPhase;
			buildActionMask = 2147483647;
			files = (
			);
			runOnlyForDeploymentPostprocessing = 0;
		};
/* End PBXFrameworksBuildPhase section */

/* Begin PBXGroup section */
		D48A620C26BFAC1300E4A419 = {
			isa = PBXGroup;
			children = (
				D48A621726BFAC1300E4A419 /* Expander */,
				D48A621626BFAC1300E4A419 /* Products */,
			);
			sourceTree = "<group>";
		};
		D48A621626BFAC1300E4A419 /* Products */ = {
			isa = PBXGroup;
			children = (
				D48A621526BFAC1300E4A419 /* Expander.app */,
			);
			name = Products;
			sourceTree = "<group>";
		};
		D48A621726BFAC1300E4A419 /* Expander */ = {
			isa = PBXGroup;
			children = (
				D48A622F26BFACB100E4A419 /* Model */,
				D48A622E26BFACA400E4A419 /* View */,
				D48A621826BFAC1300E4A419 /* AppDelegate.swift */,
				D48A621A26BFAC1300E4A419 /* ContentView.swift */,
				D48A621F26BFAC1400E4A419 /* Assets.xcassets */,
				D48A622426BFAC1400E4A419 /* Main.storyboard */,
				D48A622726BFAC1400E4A419 /* Info.plist */,
				D48A622826BFAC1400E4A419 /* Expander.entitlements */,
				D48A621C26BFAC1300E4A419 /* Expander.xcdatamodeld */,
				D48A622126BFAC1400E4A419 /* Preview Content */,
			);
			path = Expander;
			sourceTree = "<group>";
		};
		D48A622126BFAC1400E4A419 /* Preview Content */ = {
			isa = PBXGroup;
			children = (
				D48A622226BFAC1400E4A419 /* Preview Assets.xcassets */,
			);
			path = "Preview Content";
			sourceTree = "<group>";
		};
		D48A622E26BFACA400E4A419 /* View */ = {
			isa = PBXGroup;
			children = (
			);
			path = View;
			sourceTree = "<group>";
		};
		D48A622F26BFACB100E4A419 /* Model */ = {
			isa = PBXGroup;
			children = (
				D48A623026BFACD400E4A419 /* DeleteKeyEvent.swift */,
				D48A623226BFAD0200E4A419 /* ExpanderModel.swift */,
				D48A623426BFAD2400E4A419 /* SnippetsModel.swift */,
				D48A623626BFAD3C00E4A419 /* ToolBar.swift */,
			);
			path = Model;
			sourceTree = "<group>";
		};
/* End PBXGroup section */

/* Begin PBXNativeTarget section */
		D48A621426BFAC1300E4A419 /* Expander */ = {
			isa = PBXNativeTarget;
			buildConfigurationList = D48A622B26BFAC1400E4A419 /* Build configuration list for PBXNativeTarget "Expander" */;
			buildPhases = (
				D48A621126BFAC1300E4A419 /* Sources */,
				D48A621226BFAC1300E4A419 /* Frameworks */,
				D48A621326BFAC1300E4A419 /* Resources */,
			);
			buildRules = (
			);
			dependencies = (
			);
			name = Expander;
			productName = Expander;
			productReference = D48A621526BFAC1300E4A419 /* Expander.app */;
			productType = "com.apple.product-type.application";
		};
/* End PBXNativeTarget section */

/* Begin PBXProject section */
		D48A620D26BFAC1300E4A419 /* Project object */ = {
			isa = PBXProject;
			attributes = {
				LastSwiftUpdateCheck = 1250;
				LastUpgradeCheck = 1250;
				TargetAttributes = {
					D48A621426BFAC1300E4A419 = {
						CreatedOnToolsVersion = 12.5.1;
					};
				};
			};
			buildConfigurationList = D48A621026BFAC1300E4A419 /* Build configuration list for PBXProject "Expander" */;
			compatibilityVersion = "Xcode 9.3";
			developmentRegion = en;
			hasScannedForEncodings = 0;
			knownRegions = (
				en,
				Base,
			);
			mainGroup = D48A620C26BFAC1300E4A419;
			productRefGroup = D48A621626BFAC1300E4A419 /* Products */;
			projectDirPath = "";
			projectRoot = "";
			targets = (
				D48A621426BFAC1300E4A419 /* Expander */,
			);
		};
/* End PBXProject section */

/* Begin PBXResourcesBuildPhase section */
		D48A621326BFAC1300E4A419 /* Resources */ = {
			isa = PBXResourcesBuildPhase;
			buildActionMask = 2147483647;
			files = (
				D48A622626BFAC1400E4A419 /* Main.storyboard in Resources */,
				D48A622326BFAC1400E4A419 /* Preview Assets.xcassets in Resources */,
				D48A622026BFAC1400E4A419 /* Assets.xcassets in Resources */,
			);
			runOnlyForDeploymentPostprocessing = 0;
		};
/* End PBXResourcesBuildPhase section */

/* Begin PBXSourcesBuildPhase section */
		D48A621126BFAC1300E4A419 /* Sources */ = {
			isa = PBXSourcesBuildPhase;
			buildActionMask = 2147483647;
			files = (
				D48A623326BFAD0200E4A419 /* ExpanderModel.swift in Sources */,
				D48A623526BFAD2400E4A419 /* SnippetsModel.swift in Sources */,
				D48A621B26BFAC1300E4A419 /* ContentView.swift in Sources */,
				D48A623126BFACD400E4A419 /* DeleteKeyEvent.swift in Sources */,
				D48A623726BFAD3C00E4A419 /* ToolBar.swift in Sources */,
				D48A621926BFAC1300E4A419 /* AppDelegate.swift in Sources */,
				D48A621E26BFAC1300E4A419 /* Expander.xcdatamodeld in Sources */,
			);
			runOnlyForDeploymentPostprocessing = 0;
		};
/* End PBXSourcesBuildPhase section */

/* Begin PBXVariantGroup section */
		D48A622426BFAC1400E4A419 /* Main.storyboard */ = {
			isa = PBXVariantGroup;
			children = (
				D48A622526BFAC1400E4A419 /* Base */,
			);
			name = Main.storyboard;
			sourceTree = "<group>";
		};
/* End PBXVariantGroup section */

/* Begin XCBuildConfiguration section */
		D48A622926BFAC1400E4A419 /* Debug */ = {
			isa = XCBuildConfiguration;
			buildSettings = {
				ALWAYS_SEARCH_USER_PATHS = NO;
				CLANG_ANALYZER_NONNULL = YES;
				CLANG_ANALYZER_NUMBER_OBJECT_CONVERSION = YES_AGGRESSIVE;
				CLANG_CXX_LANGUAGE_STANDARD = "gnu++14";
				CLANG_CXX_LIBRARY = "libc++";
				CLANG_ENABLE_MODULES = YES;
				CLANG_ENABLE_OBJC_ARC = YES;
				CLANG_ENABLE_OBJC_WEAK = YES;
				CLANG_WARN_BLOCK_CAPTURE_AUTORELEASING = YES;
				CLANG_WARN_BOOL_CONVERSION = YES;
				CLANG_WARN_COMMA = YES;
				CLANG_WARN_CONSTANT_CONVERSION = YES;
				CLANG_WARN_DEPRECATED_OBJC_IMPLEMENTATIONS = YES;
				CLANG_WARN_DIRECT_OBJC_ISA_USAGE = YES_ERROR;
				CLANG_WARN_DOCUMENTATION_COMMENTS = YES;
				CLANG_WARN_EMPTY_BODY = YES;
				CLANG_WARN_ENUM_CONVERSION = YES;
				CLANG_WARN_INFINITE_RECURSION = YES;
				CLANG_WARN_INT_CONVERSION = YES;
				CLANG_WARN_NON_LITERAL_NULL_CONVERSION = YES;
				CLANG_WARN_OBJC_IMPLICIT_RETAIN_SELF = YES;
				CLANG_WARN_OBJC_LITERAL_CONVERSION = YES;
				CLANG_WARN_OBJC_ROOT_CLASS = YES_ERROR;
				CLANG_WARN_QUOTED_INCLUDE_IN_FRAMEWORK_HEADER = YES;
				CLANG_WARN_RANGE_LOOP_ANALYSIS = YES;
				CLANG_WARN_STRICT_PROTOTYPES = YES;
				CLANG_WARN_SUSPICIOUS_MOVE = YES;
				CLANG_WARN_UNGUARDED_AVAILABILITY = YES_AGGRESSIVE;
				CLANG_WARN_UNREACHABLE_CODE = YES;
				CLANG_WARN__DUPLICATE_METHOD_MATCH = YES;
				COPY_PHASE_STRIP = NO;
				DEBUG_INFORMATION_FORMAT = dwarf;
				ENABLE_STRICT_OBJC_MSGSEND = YES;
				ENABLE_TESTABILITY = YES;
				GCC_C_LANGUAGE_STANDARD = gnu11;
				GCC_DYNAMIC_NO_PIC = NO;
				GCC_NO_COMMON_BLOCKS = YES;
				GCC_OPTIMIZATION_LEVEL = 0;
				GCC_PREPROCESSOR_DEFINITIONS = (
					"DEBUG=1",
					"$(inherited)",
				);
				GCC_WARN_64_TO_32_BIT_CONVERSION = YES;
				GCC_WARN_ABOUT_RETURN_TYPE = YES_ERROR;
				GCC_WARN_UNDECLARED_SELECTOR = YES;
				GCC_WARN_UNINITIALIZED_AUTOS = YES_AGGRESSIVE;
				GCC_WARN_UNUSED_FUNCTION = YES;
				GCC_WARN_UNUSED_VARIABLE = YES;
				MACOSX_DEPLOYMENT_TARGET = 11.3;
				MTL_ENABLE_DEBUG_INFO = INCLUDE_SOURCE;
				MTL_FAST_MATH = YES;
				ONLY_ACTIVE_ARCH = YES;
				SDKROOT = macosx;
				SWIFT_ACTIVE_COMPILATION_CONDITIONS = DEBUG;
				SWIFT_OPTIMIZATION_LEVEL = "-Onone";
			};
			name = Debug;
		};
		D48A622A26BFAC1400E4A419 /* Release */ = {
			isa = XCBuildConfiguration;
			buildSettings = {
				ALWAYS_SEARCH_USER_PATHS = NO;
				CLANG_ANALYZER_NONNULL = YES;
				CLANG_ANALYZER_NUMBER_OBJECT_CONVERSION = YES_AGGRESSIVE;
				CLANG_CXX_LANGUAGE_STANDARD = "gnu++14";
				CLANG_CXX_LIBRARY = "libc++";
				CLANG_ENABLE_MODULES = YES;
				CLANG_ENABLE_OBJC_ARC = YES;
				CLANG_ENABLE_OBJC_WEAK = YES;
				CLANG_WARN_BLOCK_CAPTURE_AUTORELEASING = YES;
				CLANG_WARN_BOOL_CONVERSION = YES;
				CLANG_WARN_COMMA = YES;
				CLANG_WARN_CONSTANT_CONVERSION = YES;
				CLANG_WARN_DEPRECATED_OBJC_IMPLEMENTATIONS = YES;
				CLANG_WARN_DIRECT_OBJC_ISA_USAGE = YES_ERROR;
				CLANG_WARN_DOCUMENTATION_COMMENTS = YES;
				CLANG_WARN_EMPTY_BODY = YES;
				CLANG_WARN_ENUM_CONVERSION = YES;
				CLANG_WARN_INFINITE_RECURSION = YES;
				CLANG_WARN_INT_CONVERSION = YES;
				CLANG_WARN_NON_LITERAL_NULL_CONVERSION = YES;
				CLANG_WARN_OBJC_IMPLICIT_RETAIN_SELF = YES;
				CLANG_WARN_OBJC_LITERAL_CONVERSION = YES;
				CLANG_WARN_OBJC_ROOT_CLASS = YES_ERROR;
				CLANG_WARN_QUOTED_INCLUDE_IN_FRAMEWORK_HEADER = YES;
				CLANG_WARN_RANGE_LOOP_ANALYSIS = YES;
				CLANG_WARN_STRICT_PROTOTYPES = YES;
				CLANG_WARN_SUSPICIOUS_MOVE = YES;
				CLANG_WARN_UNGUARDED_AVAILABILITY = YES_AGGRESSIVE;
				CLANG_WARN_UNREACHABLE_CODE = YES;
				CLANG_WARN__DUPLICATE_METHOD_MATCH = YES;
				COPY_PHASE_STRIP = NO;
				DEBUG_INFORMATION_FORMAT = "dwarf-with-dsym";
				ENABLE_NS_ASSERTIONS = NO;
				ENABLE_STRICT_OBJC_MSGSEND = YES;
				GCC_C_LANGUAGE_STANDARD = gnu11;
				GCC_NO_COMMON_BLOCKS = YES;
				GCC_WARN_64_TO_32_BIT_CONVERSION = YES;
				GCC_WARN_ABOUT_RETURN_TYPE = YES_ERROR;
				GCC_WARN_UNDECLARED_SELECTOR = YES;
				GCC_WARN_UNINITIALIZED_AUTOS = YES_AGGRESSIVE;
				GCC_WARN_UNUSED_FUNCTION = YES;
				GCC_WARN_UNUSED_VARIABLE = YES;
				MACOSX_DEPLOYMENT_TARGET = 11.3;
				MTL_ENABLE_DEBUG_INFO = NO;
				MTL_FAST_MATH = YES;
				SDKROOT = macosx;
				SWIFT_COMPILATION_MODE = wholemodule;
				SWIFT_OPTIMIZATION_LEVEL = "-O";
			};
			name = Release;
		};
		D48A622C26BFAC1400E4A419 /* Debug */ = {
			isa = XCBuildConfiguration;
			buildSettings = {
				ASSETCATALOG_COMPILER_APPICON_NAME = AppIcon;
				ASSETCATALOG_COMPILER_GLOBAL_ACCENT_COLOR_NAME = AccentColor;
				CODE_SIGN_ENTITLEMENTS = Expander/Expander.entitlements;
				CODE_SIGN_STYLE = Automatic;
				COMBINE_HIDPI_IMAGES = YES;
				DEVELOPMENT_ASSET_PATHS = "\"Expander/Preview Content\"";
				DEVELOPMENT_TEAM = SH6X4V52X3;
				ENABLE_HARDENED_RUNTIME = YES;
				ENABLE_PREVIEWS = YES;
				INFOPLIST_FILE = Expander/Info.plist;
				LD_RUNPATH_SEARCH_PATHS = (
					"$(inherited)",
					"@executable_path/../Frameworks",
				);
				MACOSX_DEPLOYMENT_TARGET = 10.15;
				PRODUCT_BUNDLE_IDENTIFIER = "jefferson-tw.Expander";
				PRODUCT_NAME = "$(TARGET_NAME)";
				SWIFT_VERSION = 5.0;
			};
			name = Debug;
		};
		D48A622D26BFAC1400E4A419 /* Release */ = {
			isa = XCBuildConfiguration;
			buildSettings = {
				ASSETCATALOG_COMPILER_APPICON_NAME = AppIcon;
				ASSETCATALOG_COMPILER_GLOBAL_ACCENT_COLOR_NAME = AccentColor;
				CODE_SIGN_ENTITLEMENTS = Expander/Expander.entitlements;
				CODE_SIGN_STYLE = Automatic;
				COMBINE_HIDPI_IMAGES = YES;
				DEVELOPMENT_ASSET_PATHS = "\"Expander/Preview Content\"";
				DEVELOPMENT_TEAM = SH6X4V52X3;
				ENABLE_HARDENED_RUNTIME = YES;
				ENABLE_PREVIEWS = YES;
				INFOPLIST_FILE = Expander/Info.plist;
				LD_RUNPATH_SEARCH_PATHS = (
					"$(inherited)",
					"@executable_path/../Frameworks",
				);
				MACOSX_DEPLOYMENT_TARGET = 10.15;
				PRODUCT_BUNDLE_IDENTIFIER = "jefferson-tw.Expander";
				PRODUCT_NAME = "$(TARGET_NAME)";
				SWIFT_VERSION = 5.0;
			};
			name = Release;
		};
/* End XCBuildConfiguration section */

/* Begin XCConfigurationList section */
		D48A621026BFAC1300E4A419 /* Build configuration list for PBXProject "Expander" */ = {
			isa = XCConfigurationList;
			buildConfigurations = (
				D48A622926BFAC1400E4A419 /* Debug */,
				D48A622A26BFAC1400E4A419 /* Release */,
			);
			defaultConfigurationIsVisible = 0;
			defaultConfigurationName = Release;
		};
		D48A622B26BFAC1400E4A419 /* Build configuration list for PBXNativeTarget "Expander" */ = {
			isa = XCConfigurationList;
			buildConfigurations = (
				D48A622C26BFAC1400E4A419 /* Debug */,
				D48A622D26BFAC1400E4A419 /* Release */,
			);
			defaultConfigurationIsVisible = 0;
			defaultConfigurationName = Release;
		};
/* End XCConfigurationList section */

/* Begin XCVersionGroup section */
		D48A621C26BFAC1300E4A419 /* Expander.xcdatamodeld */ = {
			isa = XCVersionGroup;
			children = (
				D48A621D26BFAC1300E4A419 /* Expander.xcdatamodel */,
			);
			currentVersion = D48A621D26BFAC1300E4A419 /* Expander.xcdatamodel */;
			path = Expander.xcdatamodeld;
			sourceTree = "<group>";
			versionGroupType = wrapper.xcdatamodel;
		};
/* End XCVersionGroup section */
	};
	rootObject = D48A620D26BFAC1300E4A419 /* Project object */;
}
