{
  "object": {
    "pins": [
      {
        "package": "DSFQuickActionBar",
        "repositoryURL": "https://github.com/dagronf/DSFQuickActionBar",
        "state": {
          "branch": null,
          "revision": "41ee1e2e7211685424777f79ae7db8aaacfa9b74",
          "version": "2.1.0"
        }
      }
    ]
  },
  "version": 1
}
